# This file is automatically @generated by Cargo.
# It is not intended for manual editing.
[[package]]
name = "bootloader"
version = "0.9.4"
source = "registry+https://github.com/rust-lang/crates.io-index"
checksum = "56452f4da420d25cf4bbf5b8fdc1529a8bde79a081f2619ce7ebc6d581117261"

[[package]]
name = "nick_os"
version = "0.1.0"
dependencies = [
 "bootloader",
]
